
Microsoft Visual Studio Solution File, Format Version 12.00
# Visual Studio Version 17
VisualStudioVersion = 17.5.002.0
MinimumVisualStudioVersion = 10.0.40219.1
Project("{9A19103F-16F7-4668-BE54-9A1E7A4F7556}") = "TemperatureDataFactory", "TemperatureDataFactory.csproj", "{CE09D28B-EA8F-49DA-A3CE-E28C0DC0E833}"
EndProject
Global
	GlobalSection(SolutionConfigurationPlatforms) = preSolution
		Debug|Any CPU = Debug|Any CPU
		Release|Any CPU = Release|Any CPU
	EndGlobalSection
	GlobalSection(ProjectConfigurationPlatforms) = postSolution
		{CE09D28B-EA8F-49DA-A3CE-E28C0DC0E833}.Debug|Any CPU.ActiveCfg = Debug|Any CPU
		{CE09D28B-EA8F-49DA-A3CE-E28C0DC0E833}.Debug|Any CPU.Build.0 = Debug|Any CPU
		{CE09D28B-EA8F-49DA-A3CE-E28C0DC0E833}.Release|Any CPU.ActiveCfg = Release|Any CPU
		{CE09D28B-EA8F-49DA-A3CE-E28C0DC0E833}.Release|Any CPU.Build.0 = Release|Any CPU
	EndGlobalSection
	GlobalSection(SolutionProperties) = preSolution
		HideSolutionNode = FALSE
	EndGlobalSection
	GlobalSection(ExtensibilityGlobals) = postSolution
		SolutionGuid = {AC617468-D4A7-4E37-81CE-020976EE4462}
	EndGlobalSection
EndGlobal
